
Microsoft Visual Studio Solution File, Format Version 12.00
# Visual Studio 15
Project("{FAE04EC0-301F-11D3-BF4B-00C04F79EFBC}") = "Assembly-CSharp", "Assembly-CSharp.csproj", "{8E552A5B-7A9D-5832-341B-6AC992599099}"
EndProject
Project("{FAE04EC0-301F-11D3-BF4B-00C04F79EFBC}") = "NativeGallery.Editor", "NativeGallery.Editor.csproj", "{C1DD1C3A-402C-9E2D-6B12-9A6FC94594B4}"
EndProject
Project("{FAE04EC0-301F-11D3-BF4B-00C04F79EFBC}") = "NativeGallery.Runtime", "NativeGallery.Runtime.csproj", "{EFCCDA5C-CB0B-26EF-F3EA-279042BAAFE8}"
EndProject
Project("{FAE04EC0-301F-11D3-BF4B-00C04F79EFBC}") = "Assembly-CSharp-Editor", "Assembly-CSharp-Editor.csproj", "{0FA93DA1-D2BD-0234-B7FD-62BC776D8E1B}"
EndProject
Global
	GlobalSection(SolutionConfigurationPlatforms) = preSolution
		Debug|Any CPU = Debug|Any CPU
		Release|Any CPU = Release|Any CPU
	EndGlobalSection
	GlobalSection(ProjectConfigurationPlatforms) = postSolution
		{8E552A5B-7A9D-5832-341B-6AC992599099}.Debug|Any CPU.ActiveCfg = Debug|Any CPU
		{8E552A5B-7A9D-5832-341B-6AC992599099}.Debug|Any CPU.Build.0 = Debug|Any CPU
		{8E552A5B-7A9D-5832-341B-6AC992599099}.Release|Any CPU.ActiveCfg = Release|Any CPU
		{8E552A5B-7A9D-5832-341B-6AC992599099}.Release|Any CPU.Build.0 = Release|Any CPU
		{C1DD1C3A-402C-9E2D-6B12-9A6FC94594B4}.Debug|Any CPU.ActiveCfg = Debug|Any CPU
		{C1DD1C3A-402C-9E2D-6B12-9A6FC94594B4}.Debug|Any CPU.Build.0 = Debug|Any CPU
		{C1DD1C3A-402C-9E2D-6B12-9A6FC94594B4}.Release|Any CPU.ActiveCfg = Release|Any CPU
		{C1DD1C3A-402C-9E2D-6B12-9A6FC94594B4}.Release|Any CPU.Build.0 = Release|Any CPU
		{EFCCDA5C-CB0B-26EF-F3EA-279042BAAFE8}.Debug|Any CPU.ActiveCfg = Debug|Any CPU
		{EFCCDA5C-CB0B-26EF-F3EA-279042BAAFE8}.Debug|Any CPU.Build.0 = Debug|Any CPU
		{EFCCDA5C-CB0B-26EF-F3EA-279042BAAFE8}.Release|Any CPU.ActiveCfg = Release|Any CPU
		{EFCCDA5C-CB0B-26EF-F3EA-279042BAAFE8}.Release|Any CPU.Build.0 = Release|Any CPU
		{0FA93DA1-D2BD-0234-B7FD-62BC776D8E1B}.Debug|Any CPU.ActiveCfg = Debug|Any CPU
		{0FA93DA1-D2BD-0234-B7FD-62BC776D8E1B}.Debug|Any CPU.Build.0 = Debug|Any CPU
		{0FA93DA1-D2BD-0234-B7FD-62BC776D8E1B}.Release|Any CPU.ActiveCfg = Release|Any CPU
		{0FA93DA1-D2BD-0234-B7FD-62BC776D8E1B}.Release|Any CPU.Build.0 = Release|Any CPU
	EndGlobalSection
	GlobalSection(SolutionProperties) = preSolution
		HideSolutionNode = FALSE
	EndGlobalSection
EndGlobal
